
Microsoft Visual Studio Solution File, Format Version 12.00
# Visual Studio Version 16
VisualStudioVersion = 16.0.34407.143
MinimumVisualStudioVersion = 10.0.40219.1
Project("{9A19103F-16F7-4668-BE54-9A1E7A4F7556}") = "LethalClimbers", "LethalClimbers\LethalClimbers.csproj", "{24EB244B-BF15-4324-8DDE-9B5E85410A41}"
EndProject
Global
	GlobalSection(SolutionConfigurationPlatforms) = preSolution
		Debug|Any CPU = Debug|Any CPU
		Release|Any CPU = Release|Any CPU
	EndGlobalSection
	GlobalSection(ProjectConfigurationPlatforms) = postSolution
		{24EB244B-BF15-4324-8DDE-9B5E85410A41}.Debug|Any CPU.ActiveCfg = Debug|Any CPU
		{24EB244B-BF15-4324-8DDE-9B5E85410A41}.Debug|Any CPU.Build.0 = Debug|Any CPU
		{24EB244B-BF15-4324-8DDE-9B5E85410A41}.Release|Any CPU.ActiveCfg = Release|Any CPU
		{24EB244B-BF15-4324-8DDE-9B5E85410A41}.Release|Any CPU.Build.0 = Release|Any CPU
	EndGlobalSection
	GlobalSection(SolutionProperties) = preSolution
		HideSolutionNode = FALSE
	EndGlobalSection
	GlobalSection(ExtensibilityGlobals) = postSolution
		SolutionGuid = {A7B53614-C203-4749-9E8B-47CEC9C7AE57}
	EndGlobalSection
EndGlobal
